
Microsoft Visual Studio Solution File, Format Version 12.00
# Visual Studio Version 16
VisualStudioVersion = 16.0.31702.278
MinimumVisualStudioVersion = 10.0.40219.1
Project("{FAE04EC0-301F-11D3-BF4B-00C04F79EFBC}") = "DotNetCoreMemoryCaching", "DotNetCoreMemoryCaching\DotNetCoreMemoryCaching.csproj", "{493A475C-B183-4CB1-B500-436331D8B179}"
EndProject
Global
	GlobalSection(SolutionConfigurationPlatforms) = preSolution
		Debug|Any CPU = Debug|Any CPU
		Release|Any CPU = Release|Any CPU
	EndGlobalSection
	GlobalSection(ProjectConfigurationPlatforms) = postSolution
		{493A475C-B183-4CB1-B500-436331D8B179}.Debug|Any CPU.ActiveCfg = Debug|Any CPU
		{493A475C-B183-4CB1-B500-436331D8B179}.Debug|Any CPU.Build.0 = Debug|Any CPU
		{493A475C-B183-4CB1-B500-436331D8B179}.Release|Any CPU.ActiveCfg = Release|Any CPU
		{493A475C-B183-4CB1-B500-436331D8B179}.Release|Any CPU.Build.0 = Release|Any CPU
	EndGlobalSection
	GlobalSection(SolutionProperties) = preSolution
		HideSolutionNode = FALSE
	EndGlobalSection
	GlobalSection(ExtensibilityGlobals) = postSolution
		SolutionGuid = {69898716-5D06-420D-98F4-479632587B0D}
	EndGlobalSection
EndGlobal
